
Microsoft Visual Studio Solution File, Format Version 12.00
# Visual Studio Version 17
VisualStudioVersion = 17.0.31903.59
MinimumVisualStudioVersion = 10.0.40219.1
Project("{2150E333-8FDC-42A3-9474-1A3956D46DE8}") = "shared", "shared", "{4F52FD11-658E-A102-6CD3-7D7C16FFA15B}"
EndProject
Project("{FAE04EC0-301F-11D3-BF4B-00C04F79EFBC}") = "Flowist.Shared", "shared\Flowist.Shared\Flowist.Shared.csproj", "{8DB30017-B244-49C1-8F95-579632280F17}"
EndProject
Project("{2150E333-8FDC-42A3-9474-1A3956D46DE8}") = "src", "src", "{827E0CD3-B72D-47B6-A68D-7590B98EB39B}"
EndProject
Project("{FAE04EC0-301F-11D3-BF4B-00C04F79EFBC}") = "Flowist.AuthService", "src\Flowist.AuthService\Flowist.AuthService.csproj", "{E70C1562-32E7-4EFD-AB8C-E32E6196DFDC}"
EndProject
Project("{FAE04EC0-301F-11D3-BF4B-00C04F79EFBC}") = "Flowist.TaskService", "src\Flowist.TaskService\Flowist.TaskService.csproj", "{59405F25-7B8B-4E3F-B9D9-6D15F54DE879}"
EndProject
Project("{FAE04EC0-301F-11D3-BF4B-00C04F79EFBC}") = "Flowist.NotificationService", "src\Flowist.NotificationService\Flowist.NotificationService.csproj", "{A578BAB2-B440-4A5D-9A68-2DCD14E2AE3D}"
EndProject
Project("{FAE04EC0-301F-11D3-BF4B-00C04F79EFBC}") = "Flowist.ActivityService", "src\Flowist.ActivityService\Flowist.ActivityService.csproj", "{93FE5958-1E71-4156-8549-54E3DBDC5060}"
EndProject
Project("{FAE04EC0-301F-11D3-BF4B-00C04F79EFBC}") = "Flowist.ApiGateway", "src\Flowist.ApiGateway\Flowist.ApiGateway.csproj", "{01E564E9-C536-4061-90BB-DBA25E9B9D80}"
EndProject
Project("{2150E333-8FDC-42A3-9474-1A3956D46DE8}") = "tests", "tests", "{0AB3BF05-4346-4AA6-1389-037BE0695223}"
EndProject
Project("{FAE04EC0-301F-11D3-BF4B-00C04F79EFBC}") = "Flowist.AuthService.Tests", "tests\Flowist.AuthService.Tests\Flowist.AuthService.Tests.csproj", "{D9B96CFB-DD8A-484C-B334-7B048F97609E}"
EndProject
Project("{FAE04EC0-301F-11D3-BF4B-00C04F79EFBC}") = "Flowist.TaskService.Tests", "tests\Flowist.TaskService.Tests\Flowist.TaskService.Tests.csproj", "{39619CAF-AFD7-49A7-A29E-417E17FF7A92}"
EndProject
Project("{FAE04EC0-301F-11D3-BF4B-00C04F79EFBC}") = "Flowist.NotificationService.Tests", "tests\Flowist.NotificationService.Tests\Flowist.NotificationService.Tests.csproj", "{F1510B81-BA4F-4986-899E-11D511B98FBA}"
EndProject
Project("{FAE04EC0-301F-11D3-BF4B-00C04F79EFBC}") = "Flowist.ActivityService.Tests", "tests\Flowist.ActivityService.Tests\Flowist.ActivityService.Tests.csproj", "{FC8654DA-C3B0-4264-93B2-B2EAE2EDEEC1}"
EndProject
Project("{FAE04EC0-301F-11D3-BF4B-00C04F79EFBC}") = "Flowist.AuthService.IntegrationTests", "tests\Flowist.AuthService.IntegrationTests\Flowist.AuthService.IntegrationTests.csproj", "{AEC64F5B-7934-46AC-8BCC-CBA1C01BD0A3}"
EndProject
Project("{FAE04EC0-301F-11D3-BF4B-00C04F79EFBC}") = "Flowist.TaskService.IntegrationTests", "tests\Flowist.TaskService.IntegrationTests\Flowist.TaskService.IntegrationTests.csproj", "{E7802FB1-7082-4211-8CD2-0B6AE18A33DF}"
EndProject
Project("{FAE04EC0-301F-11D3-BF4B-00C04F79EFBC}") = "Flowist.ContractTests", "tests\Flowist.ContractTests\Flowist.ContractTests.csproj", "{3BB9D0ED-347E-468D-8237-9A11ABD312B2}"
EndProject
Project("{FAE04EC0-301F-11D3-BF4B-00C04F79EFBC}") = "Flowist.NotificationService.IntegrationTests", "tests\Flowist.NotificationService.IntegrationTests\Flowist.NotificationService.IntegrationTests.csproj", "{EB322627-AF67-482A-95C7-946849D46C4D}"
EndProject
Global
	GlobalSection(SolutionConfigurationPlatforms) = preSolution
		Debug|Any CPU = Debug|Any CPU
		Debug|x64 = Debug|x64
		Debug|x86 = Debug|x86
		Release|Any CPU = Release|Any CPU
		Release|x64 = Release|x64
		Release|x86 = Release|x86
	EndGlobalSection
	GlobalSection(ProjectConfigurationPlatforms) = postSolution
		{8DB30017-B244-49C1-8F95-579632280F17}.Debug|Any CPU.ActiveCfg = Debug|Any CPU
		{8DB30017-B244-49C1-8F95-579632280F17}.Debug|Any CPU.Build.0 = Debug|Any CPU
		{8DB30017-B244-49C1-8F95-579632280F17}.Debug|x64.ActiveCfg = Debug|Any CPU
		{8DB30017-B244-49C1-8F95-579632280F17}.Debug|x64.Build.0 = Debug|Any CPU
		{8DB30017-B244-49C1-8F95-579632280F17}.Debug|x86.ActiveCfg = Debug|Any CPU
		{8DB30017-B244-49C1-8F95-579632280F17}.Debug|x86.Build.0 = Debug|Any CPU
		{8DB30017-B244-49C1-8F95-579632280F17}.Release|Any CPU.ActiveCfg = Release|Any CPU
		{8DB30017-B244-49C1-8F95-579632280F17}.Release|Any CPU.Build.0 = Release|Any CPU
		{8DB30017-B244-49C1-8F95-579632280F17}.Release|x64.ActiveCfg = Release|Any CPU
		{8DB30017-B244-49C1-8F95-579632280F17}.Release|x64.Build.0 = Release|Any CPU
		{8DB30017-B244-49C1-8F95-579632280F17}.Release|x86.ActiveCfg = Release|Any CPU
		{8DB30017-B244-49C1-8F95-579632280F17}.Release|x86.Build.0 = Release|Any CPU
		{E70C1562-32E7-4EFD-AB8C-E32E6196DFDC}.Debug|Any CPU.ActiveCfg = Debug|Any CPU
		{E70C1562-32E7-4EFD-AB8C-E32E6196DFDC}.Debug|Any CPU.Build.0 = Debug|Any CPU
		{E70C1562-32E7-4EFD-AB8C-E32E6196DFDC}.Debug|x64.ActiveCfg = Debug|Any CPU
		{E70C1562-32E7-4EFD-AB8C-E32E6196DFDC}.Debug|x64.Build.0 = Debug|Any CPU
		{E70C1562-32E7-4EFD-AB8C-E32E6196DFDC}.Debug|x86.ActiveCfg = Debug|Any CPU
		{E70C1562-32E7-4EFD-AB8C-E32E6196DFDC}.Debug|x86.Build.0 = Debug|Any CPU
		{E70C1562-32E7-4EFD-AB8C-E32E6196DFDC}.Release|Any CPU.ActiveCfg = Release|Any CPU
		{E70C1562-32E7-4EFD-AB8C-E32E6196DFDC}.Release|Any CPU.Build.0 = Release|Any CPU
		{E70C1562-32E7-4EFD-AB8C-E32E6196DFDC}.Release|x64.ActiveCfg = Release|Any CPU
		{E70C1562-32E7-4EFD-AB8C-E32E6196DFDC}.Release|x64.Build.0 = Release|Any CPU
		{E70C1562-32E7-4EFD-AB8C-E32E6196DFDC}.Release|x86.ActiveCfg = Release|Any CPU
		{E70C1562-32E7-4EFD-AB8C-E32E6196DFDC}.Release|x86.Build.0 = Release|Any CPU
		{59405F25-7B8B-4E3F-B9D9-6D15F54DE879}.Debug|Any CPU.ActiveCfg = Debug|Any CPU
		{59405F25-7B8B-4E3F-B9D9-6D15F54DE879}.Debug|Any CPU.Build.0 = Debug|Any CPU
		{59405F25-7B8B-4E3F-B9D9-6D15F54DE879}.Debug|x64.ActiveCfg = Debug|Any CPU
		{59405F25-7B8B-4E3F-B9D9-6D15F54DE879}.Debug|x64.Build.0 = Debug|Any CPU
		{59405F25-7B8B-4E3F-B9D9-6D15F54DE879}.Debug|x86.ActiveCfg = Debug|Any CPU
		{59405F25-7B8B-4E3F-B9D9-6D15F54DE879}.Debug|x86.Build.0 = Debug|Any CPU
		{59405F25-7B8B-4E3F-B9D9-6D15F54DE879}.Release|Any CPU.ActiveCfg = Release|Any CPU
		{59405F25-7B8B-4E3F-B9D9-6D15F54DE879}.Release|Any CPU.Build.0 = Release|Any CPU
		{59405F25-7B8B-4E3F-B9D9-6D15F54DE879}.Release|x64.ActiveCfg = Release|Any CPU
		{59405F25-7B8B-4E3F-B9D9-6D15F54DE879}.Release|x64.Build.0 = Release|Any CPU
		{59405F25-7B8B-4E3F-B9D9-6D15F54DE879}.Release|x86.ActiveCfg = Release|Any CPU
		{59405F25-7B8B-4E3F-B9D9-6D15F54DE879}.Release|x86.Build.0 = Release|Any CPU
		{A578BAB2-B440-4A5D-9A68-2DCD14E2AE3D}.Debug|Any CPU.ActiveCfg = Debug|Any CPU
		{A578BAB2-B440-4A5D-9A68-2DCD14E2AE3D}.Debug|Any CPU.Build.0 = Debug|Any CPU
		{A578BAB2-B440-4A5D-9A68-2DCD14E2AE3D}.Debug|x64.ActiveCfg = Debug|Any CPU
		{A578BAB2-B440-4A5D-9A68-2DCD14E2AE3D}.Debug|x64.Build.0 = Debug|Any CPU
		{A578BAB2-B440-4A5D-9A68-2DCD14E2AE3D}.Debug|x86.ActiveCfg = Debug|Any CPU
		{A578BAB2-B440-4A5D-9A68-2DCD14E2AE3D}.Debug|x86.Build.0 = Debug|Any CPU
		{A578BAB2-B440-4A5D-9A68-2DCD14E2AE3D}.Release|Any CPU.ActiveCfg = Release|Any CPU
		{A578BAB2-B440-4A5D-9A68-2DCD14E2AE3D}.Release|Any CPU.Build.0 = Release|Any CPU
		{A578BAB2-B440-4A5D-9A68-2DCD14E2AE3D}.Release|x64.ActiveCfg = Release|Any CPU
		{A578BAB2-B440-4A5D-9A68-2DCD14E2AE3D}.Release|x64.Build.0 = Release|Any CPU
		{A578BAB2-B440-4A5D-9A68-2DCD14E2AE3D}.Release|x86.ActiveCfg = Release|Any CPU
		{A578BAB2-B440-4A5D-9A68-2DCD14E2AE3D}.Release|x86.Build.0 = Release|Any CPU
		{93FE5958-1E71-4156-8549-54E3DBDC5060}.Debug|Any CPU.ActiveCfg = Debug|Any CPU
		{93FE5958-1E71-4156-8549-54E3DBDC5060}.Debug|Any CPU.Build.0 = Debug|Any CPU
		{93FE5958-1E71-4156-8549-54E3DBDC5060}.Debug|x64.ActiveCfg = Debug|Any CPU
		{93FE5958-1E71-4156-8549-54E3DBDC5060}.Debug|x64.Build.0 = Debug|Any CPU
		{93FE5958-1E71-4156-8549-54E3DBDC5060}.Debug|x86.ActiveCfg = Debug|Any CPU
		{93FE5958-1E71-4156-8549-54E3DBDC5060}.Debug|x86.Build.0 = Debug|Any CPU
		{93FE5958-1E71-4156-8549-54E3DBDC5060}.Release|Any CPU.ActiveCfg = Release|Any CPU
		{93FE5958-1E71-4156-8549-54E3DBDC5060}.Release|Any CPU.Build.0 = Release|Any CPU
		{93FE5958-1E71-4156-8549-54E3DBDC5060}.Release|x64.ActiveCfg = Release|Any CPU
		{93FE5958-1E71-4156-8549-54E3DBDC5060}.Release|x64.Build.0 = Release|Any CPU
		{93FE5958-1E71-4156-8549-54E3DBDC5060}.Release|x86.ActiveCfg = Release|Any CPU
		{93FE5958-1E71-4156-8549-54E3DBDC5060}.Release|x86.Build.0 = Release|Any CPU
		{01E564E9-C536-4061-90BB-DBA25E9B9D80}.Debug|Any CPU.ActiveCfg = Debug|Any CPU
		{01E564E9-C536-4061-90BB-DBA25E9B9D80}.Debug|Any CPU.Build.0 = Debug|Any CPU
		{01E564E9-C536-4061-90BB-DBA25E9B9D80}.Debug|x64.ActiveCfg = Debug|Any CPU
		{01E564E9-C536-4061-90BB-DBA25E9B9D80}.Debug|x64.Build.0 = Debug|Any CPU
		{01E564E9-C536-4061-90BB-DBA25E9B9D80}.Debug|x86.ActiveCfg = Debug|Any CPU
		{01E564E9-C536-4061-90BB-DBA25E9B9D80}.Debug|x86.Build.0 = Debug|Any CPU
		{01E564E9-C536-4061-90BB-DBA25E9B9D80}.Release|Any CPU.ActiveCfg = Release|Any CPU
		{01E564E9-C536-4061-90BB-DBA25E9B9D80}.Release|Any CPU.Build.0 = Release|Any CPU
		{01E564E9-C536-4061-90BB-DBA25E9B9D80}.Release|x64.ActiveCfg = Release|Any CPU
		{01E564E9-C536-4061-90BB-DBA25E9B9D80}.Release|x64.Build.0 = Release|Any CPU
		{01E564E9-C536-4061-90BB-DBA25E9B9D80}.Release|x86.ActiveCfg = Release|Any CPU
		{01E564E9-C536-4061-90BB-DBA25E9B9D80}.Release|x86.Build.0 = Release|Any CPU
		{D9B96CFB-DD8A-484C-B334-7B048F97609E}.Debug|Any CPU.ActiveCfg = Debug|Any CPU
		{D9B96CFB-DD8A-484C-B334-7B048F97609E}.Debug|Any CPU.Build.0 = Debug|Any CPU
		{D9B96CFB-DD8A-484C-B334-7B048F97609E}.Debug|x64.ActiveCfg = Debug|Any CPU
		{D9B96CFB-DD8A-484C-B334-7B048F97609E}.Debug|x64.Build.0 = Debug|Any CPU
		{D9B96CFB-DD8A-484C-B334-7B048F97609E}.Debug|x86.ActiveCfg = Debug|Any CPU
		{D9B96CFB-DD8A-484C-B334-7B048F97609E}.Debug|x86.Build.0 = Debug|Any CPU
		{D9B96CFB-DD8A-484C-B334-7B048F97609E}.Release|Any CPU.ActiveCfg = Release|Any CPU
		{D9B96CFB-DD8A-484C-B334-7B048F97609E}.Release|Any CPU.Build.0 = Release|Any CPU
		{D9B96CFB-DD8A-484C-B334-7B048F97609E}.Release|x64.ActiveCfg = Release|Any CPU
		{D9B96CFB-DD8A-484C-B334-7B048F97609E}.Release|x64.Build.0 = Release|Any CPU
		{D9B96CFB-DD8A-484C-B334-7B048F97609E}.Release|x86.ActiveCfg = Release|Any CPU
		{D9B96CFB-DD8A-484C-B334-7B048F97609E}.Release|x86.Build.0 = Release|Any CPU
		{39619CAF-AFD7-49A7-A29E-417E17FF7A92}.Debug|Any CPU.ActiveCfg = Debug|Any CPU
		{39619CAF-AFD7-49A7-A29E-417E17FF7A92}.Debug|Any CPU.Build.0 = Debug|Any CPU
		{39619CAF-AFD7-49A7-A29E-417E17FF7A92}.Debug|x64.ActiveCfg = Debug|Any CPU
		{39619CAF-AFD7-49A7-A29E-417E17FF7A92}.Debug|x64.Build.0 = Debug|Any CPU
		{39619CAF-AFD7-49A7-A29E-417E17FF7A92}.Debug|x86.ActiveCfg = Debug|Any CPU
		{39619CAF-AFD7-49A7-A29E-417E17FF7A92}.Debug|x86.Build.0 = Debug|Any CPU
		{39619CAF-AFD7-49A7-A29E-417E17FF7A92}.Release|Any CPU.ActiveCfg = Release|Any CPU
		{39619CAF-AFD7-49A7-A29E-417E17FF7A92}.Release|Any CPU.Build.0 = Release|Any CPU
		{39619CAF-AFD7-49A7-A29E-417E17FF7A92}.Release|x64.ActiveCfg = Release|Any CPU
		{39619CAF-AFD7-49A7-A29E-417E17FF7A92}.Release|x64.Build.0 = Release|Any CPU
		{39619CAF-AFD7-49A7-A29E-417E17FF7A92}.Release|x86.ActiveCfg = Release|Any CPU
		{39619CAF-AFD7-49A7-A29E-417E17FF7A92}.Release|x86.Build.0 = Release|Any CPU
		{F1510B81-BA4F-4986-899E-11D511B98FBA}.Debug|Any CPU.ActiveCfg = Debug|Any CPU
		{F1510B81-BA4F-4986-899E-11D511B98FBA}.Debug|Any CPU.Build.0 = Debug|Any CPU
		{F1510B81-BA4F-4986-899E-11D511B98FBA}.Debug|x64.ActiveCfg = Debug|Any CPU
		{F1510B81-BA4F-4986-899E-11D511B98FBA}.Debug|x64.Build.0 = Debug|Any CPU
		{F1510B81-BA4F-4986-899E-11D511B98FBA}.Debug|x86.ActiveCfg = Debug|Any CPU
		{F1510B81-BA4F-4986-899E-11D511B98FBA}.Debug|x86.Build.0 = Debug|Any CPU
		{F1510B81-BA4F-4986-899E-11D511B98FBA}.Release|Any CPU.ActiveCfg = Release|Any CPU
		{F1510B81-BA4F-4986-899E-11D511B98FBA}.Release|Any CPU.Build.0 = Release|Any CPU
		{F1510B81-BA4F-4986-899E-11D511B98FBA}.Release|x64.ActiveCfg = Release|Any CPU
		{F1510B81-BA4F-4986-899E-11D511B98FBA}.Release|x64.Build.0 = Release|Any CPU
		{F1510B81-BA4F-4986-899E-11D511B98FBA}.Release|x86.ActiveCfg = Release|Any CPU
		{F1510B81-BA4F-4986-899E-11D511B98FBA}.Release|x86.Build.0 = Release|Any CPU
		{FC8654DA-C3B0-4264-93B2-B2EAE2EDEEC1}.Debug|Any CPU.ActiveCfg = Debug|Any CPU
		{FC8654DA-C3B0-4264-93B2-B2EAE2EDEEC1}.Debug|Any CPU.Build.0 = Debug|Any CPU
		{FC8654DA-C3B0-4264-93B2-B2EAE2EDEEC1}.Debug|x64.ActiveCfg = Debug|Any CPU
		{FC8654DA-C3B0-4264-93B2-B2EAE2EDEEC1}.Debug|x64.Build.0 = Debug|Any CPU
		{FC8654DA-C3B0-4264-93B2-B2EAE2EDEEC1}.Debug|x86.ActiveCfg = Debug|Any CPU
		{FC8654DA-C3B0-4264-93B2-B2EAE2EDEEC1}.Debug|x86.Build.0 = Debug|Any CPU
		{FC8654DA-C3B0-4264-93B2-B2EAE2EDEEC1}.Release|Any CPU.ActiveCfg = Release|Any CPU
		{FC8654DA-C3B0-4264-93B2-B2EAE2EDEEC1}.Release|Any CPU.Build.0 = Release|Any CPU
		{FC8654DA-C3B0-4264-93B2-B2EAE2EDEEC1}.Release|x64.ActiveCfg = Release|Any CPU
		{FC8654DA-C3B0-4264-93B2-B2EAE2EDEEC1}.Release|x64.Build.0 = Release|Any CPU
		{FC8654DA-C3B0-4264-93B2-B2EAE2EDEEC1}.Release|x86.ActiveCfg = Release|Any CPU
		{FC8654DA-C3B0-4264-93B2-B2EAE2EDEEC1}.Release|x86.Build.0 = Release|Any CPU
		{AEC64F5B-7934-46AC-8BCC-CBA1C01BD0A3}.Debug|Any CPU.ActiveCfg = Debug|Any CPU
		{AEC64F5B-7934-46AC-8BCC-CBA1C01BD0A3}.Debug|Any CPU.Build.0 = Debug|Any CPU
		{AEC64F5B-7934-46AC-8BCC-CBA1C01BD0A3}.Debug|x64.ActiveCfg = Debug|Any CPU
		{AEC64F5B-7934-46AC-8BCC-CBA1C01BD0A3}.Debug|x64.Build.0 = Debug|Any CPU
		{AEC64F5B-7934-46AC-8BCC-CBA1C01BD0A3}.Debug|x86.ActiveCfg = Debug|Any CPU
		{AEC64F5B-7934-46AC-8BCC-CBA1C01BD0A3}.Debug|x86.Build.0 = Debug|Any CPU
		{AEC64F5B-7934-46AC-8BCC-CBA1C01BD0A3}.Release|Any CPU.ActiveCfg = Release|Any CPU
		{AEC64F5B-7934-46AC-8BCC-CBA1C01BD0A3}.Release|Any CPU.Build.0 = Release|Any CPU
		{AEC64F5B-7934-46AC-8BCC-CBA1C01BD0A3}.Release|x64.ActiveCfg = Release|Any CPU
		{AEC64F5B-7934-46AC-8BCC-CBA1C01BD0A3}.Release|x64.Build.0 = Release|Any CPU
		{AEC64F5B-7934-46AC-8BCC-CBA1C01BD0A3}.Release|x86.ActiveCfg = Release|Any CPU
		{AEC64F5B-7934-46AC-8BCC-CBA1C01BD0A3}.Release|x86.Build.0 = Release|Any CPU
		{E7802FB1-7082-4211-8CD2-0B6AE18A33DF}.Debug|Any CPU.ActiveCfg = Debug|Any CPU
		{E7802FB1-7082-4211-8CD2-0B6AE18A33DF}.Debug|Any CPU.Build.0 = Debug|Any CPU
		{E7802FB1-7082-4211-8CD2-0B6AE18A33DF}.Debug|x64.ActiveCfg = Debug|Any CPU
		{E7802FB1-7082-4211-8CD2-0B6AE18A33DF}.Debug|x64.Build.0 = Debug|Any CPU
		{E7802FB1-7082-4211-8CD2-0B6AE18A33DF}.Debug|x86.ActiveCfg = Debug|Any CPU
		{E7802FB1-7082-4211-8CD2-0B6AE18A33DF}.Debug|x86.Build.0 = Debug|Any CPU
		{E7802FB1-7082-4211-8CD2-0B6AE18A33DF}.Release|Any CPU.ActiveCfg = Release|Any CPU
		{E7802FB1-7082-4211-8CD2-0B6AE18A33DF}.Release|Any CPU.Build.0 = Release|Any CPU
		{E7802FB1-7082-4211-8CD2-0B6AE18A33DF}.Release|x64.ActiveCfg = Release|Any CPU
		{E7802FB1-7082-4211-8CD2-0B6AE18A33DF}.Release|x64.Build.0 = Release|Any CPU
		{E7802FB1-7082-4211-8CD2-0B6AE18A33DF}.Release|x86.ActiveCfg = Release|Any CPU
		{E7802FB1-7082-4211-8CD2-0B6AE18A33DF}.Release|x86.Build.0 = Release|Any CPU
		{3BB9D0ED-347E-468D-8237-9A11ABD312B2}.Debug|Any CPU.ActiveCfg = Debug|Any CPU
		{3BB9D0ED-347E-468D-8237-9A11ABD312B2}.Debug|Any CPU.Build.0 = Debug|Any CPU
		{3BB9D0ED-347E-468D-8237-9A11ABD312B2}.Debug|x64.ActiveCfg = Debug|Any CPU
		{3BB9D0ED-347E-468D-8237-9A11ABD312B2}.Debug|x64.Build.0 = Debug|Any CPU
		{3BB9D0ED-347E-468D-8237-9A11ABD312B2}.Debug|x86.ActiveCfg = Debug|Any CPU
		{3BB9D0ED-347E-468D-8237-9A11ABD312B2}.Debug|x86.Build.0 = Debug|Any CPU
		{3BB9D0ED-347E-468D-8237-9A11ABD312B2}.Release|Any CPU.ActiveCfg = Release|Any CPU
		{3BB9D0ED-347E-468D-8237-9A11ABD312B2}.Release|Any CPU.Build.0 = Release|Any CPU
		{3BB9D0ED-347E-468D-8237-9A11ABD312B2}.Release|x64.ActiveCfg = Release|Any CPU
		{3BB9D0ED-347E-468D-8237-9A11ABD312B2}.Release|x64.Build.0 = Release|Any CPU
		{3BB9D0ED-347E-468D-8237-9A11ABD312B2}.Release|x86.ActiveCfg = Release|Any CPU
		{3BB9D0ED-347E-468D-8237-9A11ABD312B2}.Release|x86.Build.0 = Release|Any CPU
		{EB322627-AF67-482A-95C7-946849D46C4D}.Debug|Any CPU.ActiveCfg = Debug|Any CPU
		{EB322627-AF67-482A-95C7-946849D46C4D}.Debug|Any CPU.Build.0 = Debug|Any CPU
		{EB322627-AF67-482A-95C7-946849D46C4D}.Debug|x64.ActiveCfg = Debug|Any CPU
		{EB322627-AF67-482A-95C7-946849D46C4D}.Debug|x64.Build.0 = Debug|Any CPU
		{EB322627-AF67-482A-95C7-946849D46C4D}.Debug|x86.ActiveCfg = Debug|Any CPU
		{EB322627-AF67-482A-95C7-946849D46C4D}.Debug|x86.Build.0 = Debug|Any CPU
		{EB322627-AF67-482A-95C7-946849D46C4D}.Release|Any CPU.ActiveCfg = Release|Any CPU
		{EB322627-AF67-482A-95C7-946849D46C4D}.Release|Any CPU.Build.0 = Release|Any CPU
		{EB322627-AF67-482A-95C7-946849D46C4D}.Release|x64.ActiveCfg = Release|Any CPU
		{EB322627-AF67-482A-95C7-946849D46C4D}.Release|x64.Build.0 = Release|Any CPU
		{EB322627-AF67-482A-95C7-946849D46C4D}.Release|x86.ActiveCfg = Release|Any CPU
		{EB322627-AF67-482A-95C7-946849D46C4D}.Release|x86.Build.0 = Release|Any CPU
	EndGlobalSection
	GlobalSection(SolutionProperties) = preSolution
		HideSolutionNode = FALSE
	EndGlobalSection
	GlobalSection(NestedProjects) = preSolution
		{8DB30017-B244-49C1-8F95-579632280F17} = {4F52FD11-658E-A102-6CD3-7D7C16FFA15B}
		{E70C1562-32E7-4EFD-AB8C-E32E6196DFDC} = {827E0CD3-B72D-47B6-A68D-7590B98EB39B}
		{59405F25-7B8B-4E3F-B9D9-6D15F54DE879} = {827E0CD3-B72D-47B6-A68D-7590B98EB39B}
		{A578BAB2-B440-4A5D-9A68-2DCD14E2AE3D} = {827E0CD3-B72D-47B6-A68D-7590B98EB39B}
		{93FE5958-1E71-4156-8549-54E3DBDC5060} = {827E0CD3-B72D-47B6-A68D-7590B98EB39B}
		{01E564E9-C536-4061-90BB-DBA25E9B9D80} = {827E0CD3-B72D-47B6-A68D-7590B98EB39B}
		{D9B96CFB-DD8A-484C-B334-7B048F97609E} = {0AB3BF05-4346-4AA6-1389-037BE0695223}
		{39619CAF-AFD7-49A7-A29E-417E17FF7A92} = {0AB3BF05-4346-4AA6-1389-037BE0695223}
		{F1510B81-BA4F-4986-899E-11D511B98FBA} = {0AB3BF05-4346-4AA6-1389-037BE0695223}
		{FC8654DA-C3B0-4264-93B2-B2EAE2EDEEC1} = {0AB3BF05-4346-4AA6-1389-037BE0695223}
		{AEC64F5B-7934-46AC-8BCC-CBA1C01BD0A3} = {0AB3BF05-4346-4AA6-1389-037BE0695223}
		{E7802FB1-7082-4211-8CD2-0B6AE18A33DF} = {0AB3BF05-4346-4AA6-1389-037BE0695223}
		{3BB9D0ED-347E-468D-8237-9A11ABD312B2} = {0AB3BF05-4346-4AA6-1389-037BE0695223}
		{EB322627-AF67-482A-95C7-946849D46C4D} = {0AB3BF05-4346-4AA6-1389-037BE0695223}
	EndGlobalSection
EndGlobal
