
Microsoft Visual Studio Solution File, Format Version 12.00
# Visual Studio Version 17
VisualStudioVersion = 17.0.31903.59
MinimumVisualStudioVersion = 10.0.40219.1
Project("{2150E333-8FDC-42A3-9474-1A3956D46DE8}") = "shared", "shared", "{4F52FD11-658E-A102-6CD3-7D7C16FFA15B}"
EndProject
Project("{FAE04EC0-301F-11D3-BF4B-00C04F79EFBC}") = "Flowist.Shared", "shared\Flowist.Shared\Flowist.Shared.csproj", "{8DB30017-B244-49C1-8F95-579632280F17}"
EndProject
Project("{2150E333-8FDC-42A3-9474-1A3956D46DE8}") = "src", "src", "{827E0CD3-B72D-47B6-A68D-7590B98EB39B}"
EndProject
Project("{FAE04EC0-301F-11D3-BF4B-00C04F79EFBC}") = "Flowist.AuthService", "src\Flowist.AuthService\Flowist.AuthService.csproj", "{E70C1562-32E7-4EFD-AB8C-E32E6196DFDC}"
EndProject
Project("{FAE04EC0-301F-11D3-BF4B-00C04F79EFBC}") = "Flowist.TaskService", "src\Flowist.TaskService\Flowist.TaskService.csproj", "{59405F25-7B8B-4E3F-B9D9-6D15F54DE879}"
EndProject
Project("{FAE04EC0-301F-11D3-BF4B-00C04F79EFBC}") = "Flowist.NotificationService", "src\Flowist.NotificationService\Flowist.NotificationService.csproj", "{A578BAB2-B440-4A5D-9A68-2DCD14E2AE3D}"
EndProject
Project("{FAE04EC0-301F-11D3-BF4B-00C04F79EFBC}") = "Flowist.ActivityService", "src\Flowist.ActivityService\Flowist.ActivityService.csproj", "{93FE5958-1E71-4156-8549-54E3DBDC5060}"
EndProject
Global
	GlobalSection(SolutionConfigurationPlatforms) = preSolution
		Debug|Any CPU = Debug|Any CPU
		Debug|x64 = Debug|x64
		Debug|x86 = Debug|x86
		Release|Any CPU = Release|Any CPU
		Release|x64 = Release|x64
		Release|x86 = Release|x86
	EndGlobalSection
	GlobalSection(ProjectConfigurationPlatforms) = postSolution
		{8DB30017-B244-49C1-8F95-579632280F17}.Debug|Any CPU.ActiveCfg = Debug|Any CPU
		{8DB30017-B244-49C1-8F95-579632280F17}.Debug|Any CPU.Build.0 = Debug|Any CPU
		{8DB30017-B244-49C1-8F95-579632280F17}.Debug|x64.ActiveCfg = Debug|Any CPU
		{8DB30017-B244-49C1-8F95-579632280F17}.Debug|x64.Build.0 = Debug|Any CPU
		{8DB30017-B244-49C1-8F95-579632280F17}.Debug|x86.ActiveCfg = Debug|Any CPU
		{8DB30017-B244-49C1-8F95-579632280F17}.Debug|x86.Build.0 = Debug|Any CPU
		{8DB30017-B244-49C1-8F95-579632280F17}.Release|Any CPU.ActiveCfg = Release|Any CPU
		{8DB30017-B244-49C1-8F95-579632280F17}.Release|Any CPU.Build.0 = Release|Any CPU
		{8DB30017-B244-49C1-8F95-579632280F17}.Release|x64.ActiveCfg = Release|Any CPU
		{8DB30017-B244-49C1-8F95-579632280F17}.Release|x64.Build.0 = Release|Any CPU
		{8DB30017-B244-49C1-8F95-579632280F17}.Release|x86.ActiveCfg = Release|Any CPU
		{8DB30017-B244-49C1-8F95-579632280F17}.Release|x86.Build.0 = Release|Any CPU
		{E70C1562-32E7-4EFD-AB8C-E32E6196DFDC}.Debug|Any CPU.ActiveCfg = Debug|Any CPU
		{E70C1562-32E7-4EFD-AB8C-E32E6196DFDC}.Debug|Any CPU.Build.0 = Debug|Any CPU
		{E70C1562-32E7-4EFD-AB8C-E32E6196DFDC}.Debug|x64.ActiveCfg = Debug|Any CPU
		{E70C1562-32E7-4EFD-AB8C-E32E6196DFDC}.Debug|x64.Build.0 = Debug|Any CPU
		{E70C1562-32E7-4EFD-AB8C-E32E6196DFDC}.Debug|x86.ActiveCfg = Debug|Any CPU
		{E70C1562-32E7-4EFD-AB8C-E32E6196DFDC}.Debug|x86.Build.0 = Debug|Any CPU
		{E70C1562-32E7-4EFD-AB8C-E32E6196DFDC}.Release|Any CPU.ActiveCfg = Release|Any CPU
		{E70C1562-32E7-4EFD-AB8C-E32E6196DFDC}.Release|Any CPU.Build.0 = Release|Any CPU
		{E70C1562-32E7-4EFD-AB8C-E32E6196DFDC}.Release|x64.ActiveCfg = Release|Any CPU
		{E70C1562-32E7-4EFD-AB8C-E32E6196DFDC}.Release|x64.Build.0 = Release|Any CPU
		{E70C1562-32E7-4EFD-AB8C-E32E6196DFDC}.Release|x86.ActiveCfg = Release|Any CPU
		{E70C1562-32E7-4EFD-AB8C-E32E6196DFDC}.Release|x86.Build.0 = Release|Any CPU
		{59405F25-7B8B-4E3F-B9D9-6D15F54DE879}.Debug|Any CPU.ActiveCfg = Debug|Any CPU
		{59405F25-7B8B-4E3F-B9D9-6D15F54DE879}.Debug|Any CPU.Build.0 = Debug|Any CPU
		{59405F25-7B8B-4E3F-B9D9-6D15F54DE879}.Debug|x64.ActiveCfg = Debug|Any CPU
		{59405F25-7B8B-4E3F-B9D9-6D15F54DE879}.Debug|x64.Build.0 = Debug|Any CPU
		{59405F25-7B8B-4E3F-B9D9-6D15F54DE879}.Debug|x86.ActiveCfg = Debug|Any CPU
		{59405F25-7B8B-4E3F-B9D9-6D15F54DE879}.Debug|x86.Build.0 = Debug|Any CPU
		{59405F25-7B8B-4E3F-B9D9-6D15F54DE879}.Release|Any CPU.ActiveCfg = Release|Any CPU
		{59405F25-7B8B-4E3F-B9D9-6D15F54DE879}.Release|Any CPU.Build.0 = Release|Any CPU
		{59405F25-7B8B-4E3F-B9D9-6D15F54DE879}.Release|x64.ActiveCfg = Release|Any CPU
		{59405F25-7B8B-4E3F-B9D9-6D15F54DE879}.Release|x64.Build.0 = Release|Any CPU
		{59405F25-7B8B-4E3F-B9D9-6D15F54DE879}.Release|x86.ActiveCfg = Release|Any CPU
		{59405F25-7B8B-4E3F-B9D9-6D15F54DE879}.Release|x86.Build.0 = Release|Any CPU
		{A578BAB2-B440-4A5D-9A68-2DCD14E2AE3D}.Debug|Any CPU.ActiveCfg = Debug|Any CPU
		{A578BAB2-B440-4A5D-9A68-2DCD14E2AE3D}.Debug|Any CPU.Build.0 = Debug|Any CPU
		{A578BAB2-B440-4A5D-9A68-2DCD14E2AE3D}.Debug|x64.ActiveCfg = Debug|Any CPU
		{A578BAB2-B440-4A5D-9A68-2DCD14E2AE3D}.Debug|x64.Build.0 = Debug|Any CPU
		{A578BAB2-B440-4A5D-9A68-2DCD14E2AE3D}.Debug|x86.ActiveCfg = Debug|Any CPU
		{A578BAB2-B440-4A5D-9A68-2DCD14E2AE3D}.Debug|x86.Build.0 = Debug|Any CPU
		{A578BAB2-B440-4A5D-9A68-2DCD14E2AE3D}.Release|Any CPU.ActiveCfg = Release|Any CPU
		{A578BAB2-B440-4A5D-9A68-2DCD14E2AE3D}.Release|Any CPU.Build.0 = Release|Any CPU
		{A578BAB2-B440-4A5D-9A68-2DCD14E2AE3D}.Release|x64.ActiveCfg = Release|Any CPU
		{A578BAB2-B440-4A5D-9A68-2DCD14E2AE3D}.Release|x64.Build.0 = Release|Any CPU
		{A578BAB2-B440-4A5D-9A68-2DCD14E2AE3D}.Release|x86.ActiveCfg = Release|Any CPU
		{A578BAB2-B440-4A5D-9A68-2DCD14E2AE3D}.Release|x86.Build.0 = Release|Any CPU
		{93FE5958-1E71-4156-8549-54E3DBDC5060}.Debug|Any CPU.ActiveCfg = Debug|Any CPU
		{93FE5958-1E71-4156-8549-54E3DBDC5060}.Debug|Any CPU.Build.0 = Debug|Any CPU
		{93FE5958-1E71-4156-8549-54E3DBDC5060}.Debug|x64.ActiveCfg = Debug|Any CPU
		{93FE5958-1E71-4156-8549-54E3DBDC5060}.Debug|x64.Build.0 = Debug|Any CPU
		{93FE5958-1E71-4156-8549-54E3DBDC5060}.Debug|x86.ActiveCfg = Debug|Any CPU
		{93FE5958-1E71-4156-8549-54E3DBDC5060}.Debug|x86.Build.0 = Debug|Any CPU
		{93FE5958-1E71-4156-8549-54E3DBDC5060}.Release|Any CPU.ActiveCfg = Release|Any CPU
		{93FE5958-1E71-4156-8549-54E3DBDC5060}.Release|Any CPU.Build.0 = Release|Any CPU
		{93FE5958-1E71-4156-8549-54E3DBDC5060}.Release|x64.ActiveCfg = Release|Any CPU
		{93FE5958-1E71-4156-8549-54E3DBDC5060}.Release|x64.Build.0 = Release|Any CPU
		{93FE5958-1E71-4156-8549-54E3DBDC5060}.Release|x86.ActiveCfg = Release|Any CPU
		{93FE5958-1E71-4156-8549-54E3DBDC5060}.Release|x86.Build.0 = Release|Any CPU
	EndGlobalSection
	GlobalSection(SolutionProperties) = preSolution
		HideSolutionNode = FALSE
	EndGlobalSection
	GlobalSection(NestedProjects) = preSolution
		{8DB30017-B244-49C1-8F95-579632280F17} = {4F52FD11-658E-A102-6CD3-7D7C16FFA15B}
		{E70C1562-32E7-4EFD-AB8C-E32E6196DFDC} = {827E0CD3-B72D-47B6-A68D-7590B98EB39B}
		{59405F25-7B8B-4E3F-B9D9-6D15F54DE879} = {827E0CD3-B72D-47B6-A68D-7590B98EB39B}
		{A578BAB2-B440-4A5D-9A68-2DCD14E2AE3D} = {827E0CD3-B72D-47B6-A68D-7590B98EB39B}
		{93FE5958-1E71-4156-8549-54E3DBDC5060} = {827E0CD3-B72D-47B6-A68D-7590B98EB39B}
	EndGlobalSection
EndGlobal
